Microsoft Visual Studio Solution File, Format Version 11.00
# Visual Studio 2008

Project("{2BA2EA9A-ED65-347B-1408-9C277536FBBF}") = "Hack_Mt_MIDI", "Assembly-CSharp.csproj", "{C8E2F3E8-EAF5-2A69-C446-2FE240398EBB}"
EndProject
Project("{2BA2EA9A-ED65-347B-1408-9C277536FBBF}") = "Hack_Mt_MIDI", "Assembly-CSharp-Editor.csproj", "{15F2C339-6DE3-3334-BAB3-B753F8BE8EB6}"
EndProject
Global
	GlobalSection(SolutionConfigurationPlatforms) = preSolution
		Debug|Any CPU = Debug|Any CPU
		Release|Any CPU = Release|Any CPU
	EndGlobalSection
	GlobalSection(ProjectConfigurationPlatforms) = postSolution
		{C8E2F3E8-EAF5-2A69-C446-2FE240398EBB}.Debug|Any CPU.ActiveCfg = Debug|Any CPU
		{C8E2F3E8-EAF5-2A69-C446-2FE240398EBB}.Debug|Any CPU.Build.0 = Debug|Any CPU
		{C8E2F3E8-EAF5-2A69-C446-2FE240398EBB}.Release|Any CPU.ActiveCfg = Release|Any CPU
		{C8E2F3E8-EAF5-2A69-C446-2FE240398EBB}.Release|Any CPU.Build.0 = Release|Any CPU
		{15F2C339-6DE3-3334-BAB3-B753F8BE8EB6}.Debug|Any CPU.ActiveCfg = Debug|Any CPU
		{15F2C339-6DE3-3334-BAB3-B753F8BE8EB6}.Debug|Any CPU.Build.0 = Debug|Any CPU
		{15F2C339-6DE3-3334-BAB3-B753F8BE8EB6}.Release|Any CPU.ActiveCfg = Release|Any CPU
		{15F2C339-6DE3-3334-BAB3-B753F8BE8EB6}.Release|Any CPU.Build.0 = Release|Any CPU
	EndGlobalSection
	GlobalSection(SolutionProperties) = preSolution
		HideSolutionNode = FALSE
	EndGlobalSection
	GlobalSection(MonoDevelopProperties) = preSolution
		StartupItem = Assembly-CSharp.csproj
	EndGlobalSection
EndGlobal
